
Microsoft Visual Studio Solution File, Format Version 12.00
# Visual Studio Version 16
VisualStudioVersion = 16.0.31702.278
MinimumVisualStudioVersion = 10.0.40219.1
Project("{FAE04EC0-301F-11D3-BF4B-00C04F79EFBC}") = "ToDoWeb.Server", "ToDoWeb\Server\ToDoWeb.Server.csproj", "{EF4D0471-397A-465D-8EC3-9E934E9B1F4E}"
EndProject
Project("{FAE04EC0-301F-11D3-BF4B-00C04F79EFBC}") = "ToDoWeb.Client", "ToDoWeb\Client\ToDoWeb.Client.csproj", "{9DD57607-83C0-413D-8591-45F26A520362}"
EndProject
Project("{FAE04EC0-301F-11D3-BF4B-00C04F79EFBC}") = "ToDoWeb.Shared", "ToDoWeb\Shared\ToDoWeb.Shared.csproj", "{09B78EF8-6A32-4695-8EC5-DB9F8FDD8576}"
EndProject
Global
	GlobalSection(SolutionConfigurationPlatforms) = preSolution
		Debug|Any CPU = Debug|Any CPU
		Release|Any CPU = Release|Any CPU
	EndGlobalSection
	GlobalSection(ProjectConfigurationPlatforms) = postSolution
		{EF4D0471-397A-465D-8EC3-9E934E9B1F4E}.Debug|Any CPU.ActiveCfg = Debug|Any CPU
		{EF4D0471-397A-465D-8EC3-9E934E9B1F4E}.Debug|Any CPU.Build.0 = Debug|Any CPU
		{EF4D0471-397A-465D-8EC3-9E934E9B1F4E}.Release|Any CPU.ActiveCfg = Release|Any CPU
		{EF4D0471-397A-465D-8EC3-9E934E9B1F4E}.Release|Any CPU.Build.0 = Release|Any CPU
		{9DD57607-83C0-413D-8591-45F26A520362}.Debug|Any CPU.ActiveCfg = Debug|Any CPU
		{9DD57607-83C0-413D-8591-45F26A520362}.Debug|Any CPU.Build.0 = Debug|Any CPU
		{9DD57607-83C0-413D-8591-45F26A520362}.Release|Any CPU.ActiveCfg = Release|Any CPU
		{9DD57607-83C0-413D-8591-45F26A520362}.Release|Any CPU.Build.0 = Release|Any CPU
		{09B78EF8-6A32-4695-8EC5-DB9F8FDD8576}.Debug|Any CPU.ActiveCfg = Debug|Any CPU
		{09B78EF8-6A32-4695-8EC5-DB9F8FDD8576}.Debug|Any CPU.Build.0 = Debug|Any CPU
		{09B78EF8-6A32-4695-8EC5-DB9F8FDD8576}.Release|Any CPU.ActiveCfg = Release|Any CPU
		{09B78EF8-6A32-4695-8EC5-DB9F8FDD8576}.Release|Any CPU.Build.0 = Release|Any CPU
	EndGlobalSection
	GlobalSection(SolutionProperties) = preSolution
		HideSolutionNode = FALSE
	EndGlobalSection
	GlobalSection(ExtensibilityGlobals) = postSolution
		SolutionGuid = {99D2FA77-4390-4B3C-BEA6-34B57616A9F2}
	EndGlobalSection
EndGlobal
